
Microsoft Visual Studio Solution File, Format Version 12.00
# Visual Studio Version 17
VisualStudioVersion = 17.11.35303.130
MinimumVisualStudioVersion = 10.0.40219.1
Project("{FAE04EC0-301F-11D3-BF4B-00C04F79EFBC}") = "MazeGame", "MazeGame.csproj", "{C55B0E08-8B7F-4296-A2CB-66B3BCD2070E}"
EndProject
Global
	GlobalSection(SolutionConfigurationPlatforms) = preSolution
		Debug|Any CPU = Debug|Any CPU
		Release|Any CPU = Release|Any CPU
	EndGlobalSection
	GlobalSection(ProjectConfigurationPlatforms) = postSolution
		{C55B0E08-8B7F-4296-A2CB-66B3BCD2070E}.Debug|Any CPU.ActiveCfg = Debug|Any CPU
		{C55B0E08-8B7F-4296-A2CB-66B3BCD2070E}.Debug|Any CPU.Build.0 = Debug|Any CPU
		{C55B0E08-8B7F-4296-A2CB-66B3BCD2070E}.Release|Any CPU.ActiveCfg = Release|Any CPU
		{C55B0E08-8B7F-4296-A2CB-66B3BCD2070E}.Release|Any CPU.Build.0 = Release|Any CPU
	EndGlobalSection
	GlobalSection(SolutionProperties) = preSolution
		HideSolutionNode = FALSE
	EndGlobalSection
	GlobalSection(ExtensibilityGlobals) = postSolution
		SolutionGuid = {66BA16A8-56DB-4F7F-81E5-ECB5ACF5F154}
	EndGlobalSection
EndGlobal
